
Microsoft Visual Studio Solution File, Format Version 12.00
# Visual Studio 15
VisualStudioVersion = 15.0.28307.329
MinimumVisualStudioVersion = 10.0.40219.1
Project("{9A19103F-16F7-4668-BE54-9A1E7A4F7556}") = "P3AddNewFunctionalityDotNetCore", "P3AddNewFunctionalityDotNetCore.csproj", "{1AF22846-A97C-4213-848B-E23B59AF7D84}"
EndProject
Project("{9A19103F-16F7-4668-BE54-9A1E7A4F7556}") = "P3AddNewFunctionalityDotNetCore.Tests", "..\P3AddNewFunctionalityDotNetCore.Tests\P3AddNewFunctionalityDotNetCore.Tests.csproj", "{29B1554F-A8A1-4713-8381-134DF3B12928}"
EndProject
Global
	GlobalSection(SolutionConfigurationPlatforms) = preSolution
		Debug|Any CPU = Debug|Any CPU
		Release|Any CPU = Release|Any CPU
	EndGlobalSection
	GlobalSection(ProjectConfigurationPlatforms) = postSolution
		{1AF22846-A97C-4213-848B-E23B59AF7D84}.Debug|Any CPU.ActiveCfg = Debug|Any CPU
		{1AF22846-A97C-4213-848B-E23B59AF7D84}.Debug|Any CPU.Build.0 = Debug|Any CPU
		{1AF22846-A97C-4213-848B-E23B59AF7D84}.Release|Any CPU.ActiveCfg = Release|Any CPU
		{1AF22846-A97C-4213-848B-E23B59AF7D84}.Release|Any CPU.Build.0 = Release|Any CPU
		{29B1554F-A8A1-4713-8381-134DF3B12928}.Debug|Any CPU.ActiveCfg = Debug|Any CPU
		{29B1554F-A8A1-4713-8381-134DF3B12928}.Debug|Any CPU.Build.0 = Debug|Any CPU
		{29B1554F-A8A1-4713-8381-134DF3B12928}.Release|Any CPU.ActiveCfg = Release|Any CPU
		{29B1554F-A8A1-4713-8381-134DF3B12928}.Release|Any CPU.Build.0 = Release|Any CPU
	EndGlobalSection
	GlobalSection(SolutionProperties) = preSolution
		HideSolutionNode = FALSE
	EndGlobalSection
	GlobalSection(ExtensibilityGlobals) = postSolution
		SolutionGuid = {DC47FE24-4C16-4E57-8F8C-8DE5D1D04265}
	EndGlobalSection
EndGlobal
